# This file is automatically @generated by Poetry 1.7.1 and should not be changed by hand.

[[package]]
name = "attrs"
version = "23.2.0"
description = "Classes Without Boilerplate"
optional = false
python-versions = ">=3.7"
files = [
    {file = "attrs-23.2.0-py3-none-any.whl", hash = "sha256:99b87a485a5820b23b879f04c2305b44b951b502fd64be915879d77a7e8fc6f1"},
    {file = "attrs-23.2.0.tar.gz", hash = "sha256:935dc3b529c262f6cf76e50877d35a4bd3c1de194fd41f47a2b7ae8f19971f30"},
]

[package.extras]
cov = ["attrs[tests]", "coverage[toml] (>=5.3)"]
dev = ["attrs[tests]", "pre-commit"]
docs = ["furo", "myst-parser", "sphinx", "sphinx-notfound-page", "sphinxcontrib-towncrier", "towncrier", "zope-interface"]
tests = ["attrs[tests-no-zope]", "zope-interface"]
tests-mypy = ["mypy (>=1.6)", "pytest-mypy-plugins"]
tests-no-zope = ["attrs[tests-mypy]", "cloudpickle", "hypothesis", "pympler", "pytest (>=4.3.0)", "pytest-xdist[psutil]"]

[[package]]
name = "colorama"
version = "0.4.6"
description = "Cross-platform colored terminal text."
optional = false
python-versions = "!=3.0.*,!=3.1.*,!=3.2.*,!=3.3.*,!=3.4.*,!=3.5.*,!=3.6.*,>=2.7"
files = [
    {file = "colorama-0.4.6-py2.py3-none-any.whl", hash = "sha256:4f1d9991f5acc0ca119f9d443620b77f9d6b33703e51011c16baf57afb285fc6"},
    {file = "colorama-0.4.6.tar.gz", hash = "sha256:08695f5cb7ed6e0531a20572697297273c47b8cae5a63ffc6d6ed5c201be6e44"},
]

[[package]]
name = "coverage"
version = "7.4.4"
description = "Code coverage measurement for Python"
optional = false
python-versions = ">=3.8"
files = [
    {file = "coverage-7.4.4-cp310-cp310-macosx_10_9_x86_64.whl", hash = "sha256:e0be5efd5127542ef31f165de269f77560d6cdef525fffa446de6f7e9186cfb2"},
    {file = "coverage-7.4.4-cp310-cp310-macosx_11_0_arm64.whl", hash = "sha256:ccd341521be3d1b3daeb41960ae94a5e87abe2f46f17224ba5d6f2b8398016cf"},
    {file = "coverage-7.4.4-cp310-cp310-manylinux_2_17_aarch64.manylinux2014_aarch64.whl", hash = "sha256:09fa497a8ab37784fbb20ab699c246053ac294d13fc7eb40ec007a5043ec91f8"},
    {file = "coverage-7.4.4-cp310-cp310-manylinux_2_5_i686.manylinux1_i686.manylinux_2_17_i686.manylinux2014_i686.whl", hash = "sha256:b1a93009cb80730c9bca5d6d4665494b725b6e8e157c1cb7f2db5b4b122ea562"},
    {file = "coverage-7.4.4-cp310-cp310-manylinux_2_5_x86_64.manylinux1_x86_64.manylinux_2_17_x86_64.manylinux2014_x86_64.whl", hash = "sha256:690db6517f09336559dc0b5f55342df62370a48f5469fabf502db2c6d1cffcd2"},
    {file = "coverage-7.4.4-cp310-cp310-musllinux_1_1_aarch64.whl", hash = "sha256:09c3255458533cb76ef55da8cc49ffab9e33f083739c8bd4f58e79fecfe288f7"},
    {file = "coverage-7.4.4-cp310-cp310-musllinux_1_1_i686.whl", hash = "sha256:8ce1415194b4a6bd0cdcc3a1dfbf58b63f910dcb7330fe15bdff542c56949f87"},
    {file = "coverage-7.4.4-cp310-cp310-musllinux_1_1_x86_64.whl", hash = "sha256:b91cbc4b195444e7e258ba27ac33769c41b94967919f10037e6355e998af255c"},
    {file = "coverage-7.4.4-cp310-cp310-win32.whl", hash = "sha256:598825b51b81c808cb6f078dcb972f96af96b078faa47af7dfcdf282835baa8d"},
    {file = "coverage-7.4.4-cp310-cp310-win_amd64.whl", hash = "sha256:09ef9199ed6653989ebbcaacc9b62b514bb63ea2f90256e71fea3ed74bd8ff6f"},
    {file = "coverage-7.4.4-cp311-cp311-macosx_10_9_x86_64.whl", hash = "sha256:0f9f50e7ef2a71e2fae92774c99170eb8304e3fdf9c8c3c7ae9bab3e7229c5cf"},
    {file = "coverage-7.4.4-cp311-cp311-macosx_11_0_arm64.whl", hash = "sha256:623512f8ba53c422fcfb2ce68362c97945095b864cda94a92edbaf5994201083"},
    {file = "coverage-7.4.4-cp311-cp311-manylinux_2_17_aarch64.manylinux2014_aarch64.whl", hash = "sha256:0513b9508b93da4e1716744ef6ebc507aff016ba115ffe8ecff744d1322a7b63"},
    {file = "coverage-7.4.4-cp311-cp311-manylinux_2_5_i686.manylinux1_i686.manylinux_2_17_i686.manylinux2014_i686.whl", hash = "sha256:40209e141059b9370a2657c9b15607815359ab3ef9918f0196b6fccce8d3230f"},
    {file = "coverage-7.4.4-cp311-cp311-manylinux_2_5_x86_64.manylinux1_x86_64.manylinux_2_17_x86_64.manylinux2014_x86_64.whl", hash = "sha256:8a2b2b78c78293782fd3767d53e6474582f62443d0504b1554370bde86cc8227"},
    {file = "coverage-7.4.4-cp311-cp311-musllinux_1_1_aarch64.whl", hash = "sha256:73bfb9c09951125d06ee473bed216e2c3742f530fc5acc1383883125de76d9cd"},
    {file = "coverage-7.4.4-cp311-cp311-musllinux_1_1_i686.whl", hash = "sha256:1f384c3cc76aeedce208643697fb3e8437604b512255de6d18dae3f27655a384"},
    {file = "coverage-7.4.4-cp311-cp311-musllinux_1_1_x86_64.whl", hash = "sha256:54eb8d1bf7cacfbf2a3186019bcf01d11c666bd495ed18717162f7eb1e9dd00b"},
    {file = "coverage-7.4.4-cp311-cp311-win32.whl", hash = "sha256:cac99918c7bba15302a2d81f0312c08054a3359eaa1929c7e4b26ebe41e9b286"},
    {file = "coverage-7.4.4-cp311-cp311-win_amd64.whl", hash = "sha256:b14706df8b2de49869ae03a5ccbc211f4041750cd4a66f698df89d44f4bd30ec"},
    {file = "coverage-7.4.4-cp312-cp312-macosx_10_9_x86_64.whl", hash = "sha256:201bef2eea65e0e9c56343115ba3814e896afe6d36ffd37bab783261db430f76"},
    {file = "coverage-7.4.4-cp312-cp312-macosx_11_0_arm64.whl", hash = "sha256:41c9c5f3de16b903b610d09650e5e27adbfa7f500302718c9ffd1c12cf9d6818"},
    {file = "coverage-7.4.4-cp312-cp312-manylinux_2_17_aarch64.manylinux2014_aarch64.whl", hash = "sha256:d898fe162d26929b5960e4e138651f7427048e72c853607f2b200909794ed978"},
    {file = "coverage-7.4.4-cp312-cp312-manylinux_2_5_i686.manylinux1_i686.manylinux_2_17_i686.manylinux2014_i686.whl", hash = "sha256:3ea79bb50e805cd6ac058dfa3b5c8f6c040cb87fe83de10845857f5535d1db70"},
    {file = "coverage-7.4.4-cp312-cp312-manylinux_2_5_x86_64.manylinux1_x86_64.manylinux_2_17_x86_64.manylinux2014_x86_64.whl", hash = "sha256:ce4b94265ca988c3f8e479e741693d143026632672e3ff924f25fab50518dd51"},
    {file = "coverage-7.4.4-cp312-cp312-musllinux_1_1_aarch64.whl", hash = "sha256:00838a35b882694afda09f85e469c96367daa3f3f2b097d846a7216993d37f4c"},
    {file = "coverage-7.4.4-cp312-cp312-musllinux_1_1_i686.whl", hash = "sha256:fdfafb32984684eb03c2d83e1e51f64f0906b11e64482df3c5db936ce3839d48"},
    {file = "coverage-7.4.4-cp312-cp312-musllinux_1_1_x86_64.whl", hash = "sha256:69eb372f7e2ece89f14751fbcbe470295d73ed41ecd37ca36ed2eb47512a6ab9"},
    {file = "coverage-7.4.4-cp312-cp312-win32.whl", hash = "sha256:137eb07173141545e07403cca94ab625cc1cc6bc4c1e97b6e3846270e7e1fea0"},
    {file = "coverage-7.4.4-cp312-cp312-win_amd64.whl", hash = "sha256:d71eec7d83298f1af3326ce0ff1d0ea83c7cb98f72b577097f9083b20bdaf05e"},
    {file = "coverage-7.4.4-cp38-cp38-macosx_10_9_x86_64.whl", hash = "sha256:d5ae728ff3b5401cc320d792866987e7e7e880e6ebd24433b70a33b643bb0384"},
    {file = "coverage-7.4.4-cp38-cp38-macosx_11_0_arm64.whl", hash = "sha256:cc4f1358cb0c78edef3ed237ef2c86056206bb8d9140e73b6b89fbcfcbdd40e1"},
    {file = "coverage-7.4.4-cp38-cp38-manylinux_2_17_aarch64.manylinux2014_aarch64.whl", hash = "sha256:8130a2aa2acb8788e0b56938786c33c7c98562697bf9f4c7d6e8e5e3a0501e4a"},
    {file = "coverage-7.4.4-cp38-cp38-manylinux_2_5_i686.manylinux1_i686.manylinux_2_17_i686.manylinux2014_i686.whl", hash = "sha256:cf271892d13e43bc2b51e6908ec9a6a5094a4df1d8af0bfc360088ee6c684409"},
    {file = "coverage-7.4.4-cp38-cp38-manylinux_2_5_x86_64.manylinux1_x86_64.manylinux_2_17_x86_64.manylinux2014_x86_64.whl", hash = "sha256:a4cdc86d54b5da0df6d3d3a2f0b710949286094c3a6700c21e9015932b81447e"},
    {file = "coverage-7.4.4-cp38-cp38-musllinux_1_1_aarch64.whl", hash = "sha256:ae71e7ddb7a413dd60052e90528f2f65270aad4b509563af6d03d53e979feafd"},
    {file = "coverage-7.4.4-cp38-cp38-musllinux_1_1_i686.whl", hash = "sha256:38dd60d7bf242c4ed5b38e094baf6401faa114fc09e9e6632374388a404f98e7"},
    {file = "coverage-7.4.4-cp38-cp38-musllinux_1_1_x86_64.whl", hash = "sha256:aa5b1c1bfc28384f1f53b69a023d789f72b2e0ab1b3787aae16992a7ca21056c"},
    {file = "coverage-7.4.4-cp38-cp38-win32.whl", hash = "sha256:dfa8fe35a0bb90382837b238fff375de15f0dcdb9ae68ff85f7a63649c98527e"},
    {file = "coverage-7.4.4-cp38-cp38-win_amd64.whl", hash = "sha256:b2991665420a803495e0b90a79233c1433d6ed77ef282e8e152a324bbbc5e0c8"},
    {file = "coverage-7.4.4-cp39-cp39-macosx_10_9_x86_64.whl", hash = "sha256:3b799445b9f7ee8bf299cfaed6f5b226c0037b74886a4e11515e569b36fe310d"},
    {file = "coverage-7.4.4-cp39-cp39-macosx_11_0_arm64.whl", hash = "sha256:b4d33f418f46362995f1e9d4f3a35a1b6322cb959c31d88ae56b0298e1c22357"},
    {file = "coverage-7.4.4-cp39-cp39-manylinux_2_17_aarch64.manylinux2014_aarch64.whl", hash = "sha256:aadacf9a2f407a4688d700e4ebab33a7e2e408f2ca04dbf4aef17585389eff3e"},
    {file = "coverage-7.4.4-cp39-cp39-manylinux_2_5_i686.manylinux1_i686.manylinux_2_17_i686.manylinux2014_i686.whl", hash = "sha256:7c95949560050d04d46b919301826525597f07b33beba6187d04fa64d47ac82e"},
    {file = "coverage-7.4.4-cp39-cp39-manylinux_2_5_x86_64.manylinux1_x86_64.manylinux_2_17_x86_64.manylinux2014_x86_64.whl", hash = "sha256:ff7687ca3d7028d8a5f0ebae95a6e4827c5616b31a4ee1192bdfde697db110d4"},
    {file = "coverage-7.4.4-cp39-cp39-musllinux_1_1_aarch64.whl", hash = "sha256:5fc1de20b2d4a061b3df27ab9b7c7111e9a710f10dc2b84d33a4ab25065994ec"},
    {file = "coverage-7.4.4-cp39-cp39-musllinux_1_1_i686.whl", hash = "sha256:c74880fc64d4958159fbd537a091d2a585448a8f8508bf248d72112723974cbd"},
    {file = "coverage-7.4.4-cp39-cp39-musllinux_1_1_x86_64.whl", hash = "sha256:742a76a12aa45b44d236815d282b03cfb1de3b4323f3e4ec933acfae08e54ade"},
    {file = "coverage-7.4.4-cp39-cp39-win32.whl", hash = "sha256:d89d7b2974cae412400e88f35d86af72208e1ede1a541954af5d944a8ba46c57"},
    {file = "coverage-7.4.4-cp39-cp39-win_amd64.whl", hash = "sha256:9ca28a302acb19b6af89e90f33ee3e1906961f94b54ea37de6737b7ca9d8827c"},
    {file = "coverage-7.4.4-pp38.pp39.pp310-none-any.whl", hash = "sha256:b2c5edc4ac10a7ef6605a966c58929ec6c1bd0917fb8c15cb3363f65aa40e677"},
    {file = "coverage-7.4.4.tar.gz", hash = "sha256:c901df83d097649e257e803be22592aedfd5182f07b3cc87d640bbb9afd50f49"},
]

[package.dependencies]
tomli = {version = "*", optional = true, markers = "python_full_version <= \"3.11.0a6\" and extra == \"toml\""}

[package.extras]
toml = ["tomli"]

[[package]]
name = "exceptiongroup"
version = "1.2.0"
description = "Backport of PEP 654 (exception groups)"
optional = false
python-versions = ">=3.7"
files = [
    {file = "exceptiongroup-1.2.0-py3-none-any.whl", hash = "sha256:4bfd3996ac73b41e9b9628b04e079f193850720ea5945fc96a08633c66912f14"},
    {file = "exceptiongroup-1.2.0.tar.gz", hash = "sha256:91f5c769735f051a4290d52edd0858999b57e5876e9f85937691bd4c9fa3ed68"},
]

[package.extras]
test = ["pytest (>=6)"]

[[package]]
name = "importlib-resources"
version = "6.1.1"
description = "Read resources from Python packages"
optional = false
python-versions = ">=3.8"
files = [
    {file = "importlib_resources-6.1.1-py3-none-any.whl", hash = "sha256:e8bf90d8213b486f428c9c39714b920041cb02c184686a3dee24905aaa8105d6"},
    {file = "importlib_resources-6.1.1.tar.gz", hash = "sha256:3893a00122eafde6894c59914446a512f728a0c1a45f9bb9b63721b6bacf0b4a"},
]

[package.dependencies]
zipp = {version = ">=3.1.0", markers = "python_version < \"3.10\""}

[package.extras]
docs = ["furo", "jaraco.packaging (>=9.3)", "jaraco.tidelift (>=1.4)", "rst.linker (>=1.9)", "sphinx (<7.2.5)", "sphinx (>=3.5)", "sphinx-lint"]
testing = ["pytest (>=6)", "pytest-black (>=0.3.7)", "pytest-checkdocs (>=2.4)", "pytest-cov", "pytest-enabler (>=2.2)", "pytest-mypy (>=0.9.1)", "pytest-ruff", "zipp (>=3.17)"]

[[package]]
name = "iniconfig"
version = "2.0.0"
description = "brain-dead simple config-ini parsing"
optional = false
python-versions = ">=3.7"
files = [
    {file = "iniconfig-2.0.0-py3-none-any.whl", hash = "sha256:b6a85871a79d2e3b22d2d1b94ac2824226a63c6b741c88f7ae975f18b6778374"},
    {file = "iniconfig-2.0.0.tar.gz", hash = "sha256:2d91e135bf72d31a410b17c16da610a82cb55f6b0477d1a902134b24a455b8b3"},
]

[[package]]
name = "jsonschema"
version = "4.20.0"
description = "An implementation of JSON Schema validation for Python"
optional = false
python-versions = ">=3.8"
files = [
    {file = "jsonschema-4.20.0-py3-none-any.whl", hash = "sha256:ed6231f0429ecf966f5bc8dfef245998220549cbbcf140f913b7464c52c3b6b3"},
    {file = "jsonschema-4.20.0.tar.gz", hash = "sha256:4f614fd46d8d61258610998997743ec5492a648b33cf478c1ddc23ed4598a5fa"},
]

[package.dependencies]
attrs = ">=22.2.0"
importlib-resources = {version = ">=1.4.0", markers = "python_version < \"3.9\""}
jsonschema-specifications = ">=2023.03.6"
pkgutil-resolve-name = {version = ">=1.3.10", markers = "python_version < \"3.9\""}
referencing = ">=0.28.4"
rpds-py = ">=0.7.1"

[package.extras]
format = ["fqdn", "idna", "isoduration", "jsonpointer (>1.13)", "rfc3339-validator", "rfc3987", "uri-template", "webcolors (>=1.11)"]
format-nongpl = ["fqdn", "idna", "isoduration", "jsonpointer (>1.13)", "rfc3339-validator", "rfc3986-validator (>0.1.0)", "uri-template", "webcolors (>=1.11)"]

[[package]]
name = "jsonschema-specifications"
version = "2023.12.1"
description = "The JSON Schema meta-schemas and vocabularies, exposed as a Registry"
optional = false
python-versions = ">=3.8"
files = [
    {file = "jsonschema_specifications-2023.12.1-py3-none-any.whl", hash = "sha256:87e4fdf3a94858b8a2ba2778d9ba57d8a9cafca7c7489c46ba0d30a8bc6a9c3c"},
    {file = "jsonschema_specifications-2023.12.1.tar.gz", hash = "sha256:48a76787b3e70f5ed53f1160d2b81f586e4ca6d1548c5de7085d1682674764cc"},
]

[package.dependencies]
importlib-resources = {version = ">=1.4.0", markers = "python_version < \"3.9\""}
referencing = ">=0.31.0"

[[package]]
name = "mypy"
version = "1.8.0"
description = "Optional static typing for Python"
optional = false
python-versions = ">=3.8"
files = [
    {file = "mypy-1.8.0-cp310-cp310-macosx_10_9_x86_64.whl", hash = "sha256:485a8942f671120f76afffff70f259e1cd0f0cfe08f81c05d8816d958d4577d3"},
    {file = "mypy-1.8.0-cp310-cp310-macosx_11_0_arm64.whl", hash = "sha256:df9824ac11deaf007443e7ed2a4a26bebff98d2bc43c6da21b2b64185da011c4"},
    {file = "mypy-1.8.0-cp310-cp310-manylinux_2_17_x86_64.manylinux2014_x86_64.whl", hash = "sha256:2afecd6354bbfb6e0160f4e4ad9ba6e4e003b767dd80d85516e71f2e955ab50d"},
    {file = "mypy-1.8.0-cp310-cp310-musllinux_1_1_x86_64.whl", hash = "sha256:8963b83d53ee733a6e4196954502b33567ad07dfd74851f32be18eb932fb1cb9"},
    {file = "mypy-1.8.0-cp310-cp310-win_amd64.whl", hash = "sha256:e46f44b54ebddbeedbd3d5b289a893219065ef805d95094d16a0af6630f5d410"},
    {file = "mypy-1.8.0-cp311-cp311-macosx_10_9_x86_64.whl", hash = "sha256:855fe27b80375e5c5878492f0729540db47b186509c98dae341254c8f45f42ae"},
    {file = "mypy-1.8.0-cp311-cp311-macosx_11_0_arm64.whl", hash = "sha256:4c886c6cce2d070bd7df4ec4a05a13ee20c0aa60cb587e8d1265b6c03cf91da3"},
    {file = "mypy-1.8.0-cp311-cp311-manylinux_2_17_x86_64.manylinux2014_x86_64.whl", hash = "sha256:d19c413b3c07cbecf1f991e2221746b0d2a9410b59cb3f4fb9557f0365a1a817"},
    {file = "mypy-1.8.0-cp311-cp311-musllinux_1_1_x86_64.whl", hash = "sha256:9261ed810972061388918c83c3f5cd46079d875026ba97380f3e3978a72f503d"},
    {file = "mypy-1.8.0-cp311-cp311-win_amd64.whl", hash = "sha256:51720c776d148bad2372ca21ca29256ed483aa9a4cdefefcef49006dff2a6835"},
    {file = "mypy-1.8.0-cp312-cp312-macosx_10_9_x86_64.whl", hash = "sha256:52825b01f5c4c1c4eb0db253ec09c7aa17e1a7304d247c48b6f3599ef40db8bd"},
    {file = "mypy-1.8.0-cp312-cp312-macosx_11_0_arm64.whl", hash = "sha256:f5ac9a4eeb1ec0f1ccdc6f326bcdb464de5f80eb07fb38b5ddd7b0de6bc61e55"},
    {file = "mypy-1.8.0-cp312-cp312-manylinux_2_17_x86_64.manylinux2014_x86_64.whl", hash = "sha256:afe3fe972c645b4632c563d3f3eff1cdca2fa058f730df2b93a35e3b0c538218"},
    {file = "mypy-1.8.0-cp312-cp312-musllinux_1_1_x86_64.whl", hash = "sha256:42c6680d256ab35637ef88891c6bd02514ccb7e1122133ac96055ff458f93fc3"},
    {file = "mypy-1.8.0-cp312-cp312-win_amd64.whl", hash = "sha256:720a5ca70e136b675af3af63db533c1c8c9181314d207568bbe79051f122669e"},
    {file = "mypy-1.8.0-cp38-cp38-macosx_10_9_x86_64.whl", hash = "sha256:028cf9f2cae89e202d7b6593cd98db6759379f17a319b5faf4f9978d7084cdc6"},
    {file = "mypy-1.8.0-cp38-cp38-macosx_11_0_arm64.whl", hash = "sha256:4e6d97288757e1ddba10dd9549ac27982e3e74a49d8d0179fc14d4365c7add66"},
    {file = "mypy-1.8.0-cp38-cp38-manylinux_2_17_x86_64.manylinux2014_x86_64.whl", hash = "sha256:7f1478736fcebb90f97e40aff11a5f253af890c845ee0c850fe80aa060a267c6"},
    {file = "mypy-1.8.0-cp38-cp38-musllinux_1_1_x86_64.whl", hash = "sha256:42419861b43e6962a649068a61f4a4839205a3ef525b858377a960b9e2de6e0d"},
    {file = "mypy-1.8.0-cp38-cp38-win_amd64.whl", hash = "sha256:2b5b6c721bd4aabaadead3a5e6fa85c11c6c795e0c81a7215776ef8afc66de02"},
    {file = "mypy-1.8.0-cp39-cp39-macosx_10_9_x86_64.whl", hash = "sha256:5c1538c38584029352878a0466f03a8ee7547d7bd9f641f57a0f3017a7c905b8"},
    {file = "mypy-1.8.0-cp39-cp39-macosx_11_0_arm64.whl", hash = "sha256:4ef4be7baf08a203170f29e89d79064463b7fc7a0908b9d0d5114e8009c3a259"},
    {file = "mypy-1.8.0-cp39-cp39-manylinux_2_17_x86_64.manylinux2014_x86_64.whl", hash = "sha256:7178def594014aa6c35a8ff411cf37d682f428b3b5617ca79029d8ae72f5402b"},
    {file = "mypy-1.8.0-cp39-cp39-musllinux_1_1_x86_64.whl", hash = "sha256:ab3c84fa13c04aeeeabb2a7f67a25ef5d77ac9d6486ff33ded762ef353aa5592"},
    {file = "mypy-1.8.0-cp39-cp39-win_amd64.whl", hash = "sha256:99b00bc72855812a60d253420d8a2eae839b0afa4938f09f4d2aa9bb4654263a"},
    {file = "mypy-1.8.0-py3-none-any.whl", hash = "sha256:538fd81bb5e430cc1381a443971c0475582ff9f434c16cd46d2c66763ce85d9d"},
    {file = "mypy-1.8.0.tar.gz", hash = "sha256:6ff8b244d7085a0b425b56d327b480c3b29cafbd2eff27316a004f9a7391ae07"},
]

[package.dependencies]
mypy-extensions = ">=1.0.0"
tomli = {version = ">=1.1.0", markers = "python_version < \"3.11\""}
typing-extensions = ">=4.1.0"

[package.extras]
dmypy = ["psutil (>=4.0)"]
install-types = ["pip"]
mypyc = ["setuptools (>=50)"]
reports = ["lxml"]

[[package]]
name = "mypy-extensions"
version = "1.0.0"
description = "Type system extensions for programs checked with the mypy type checker."
optional = false
python-versions = ">=3.5"
files = [
    {file = "mypy_extensions-1.0.0-py3-none-any.whl", hash = "sha256:4392f6c0eb8a5668a69e23d168ffa70f0be9ccfd32b5cc2d26a34ae5b844552d"},
    {file = "mypy_extensions-1.0.0.tar.gz", hash = "sha256:75dbf8955dc00442a438fc4d0666508a9a97b6bd41aa2f0ffe9d2f2725af0782"},
]

[[package]]
name = "packaging"
version = "23.2"
description = "Core utilities for Python packages"
optional = false
python-versions = ">=3.7"
files = [
    {file = "packaging-23.2-py3-none-any.whl", hash = "sha256:8c491190033a9af7e1d931d0b5dacc2ef47509b34dd0de67ed209b5203fc88c7"},
    {file = "packaging-23.2.tar.gz", hash = "sha256:048fb0e9405036518eaaf48a55953c750c11e1a1b68e0dd1a9d62ed0c092cfc5"},
]

[[package]]
name = "pkgutil-resolve-name"
version = "1.3.10"
description = "Resolve a name to an object."
optional = false
python-versions = ">=3.6"
files = [
    {file = "pkgutil_resolve_name-1.3.10-py3-none-any.whl", hash = "sha256:ca27cc078d25c5ad71a9de0a7a330146c4e014c2462d9af19c6b828280649c5e"},
    {file = "pkgutil_resolve_name-1.3.10.tar.gz", hash = "sha256:357d6c9e6a755653cfd78893817c0853af365dd51ec97f3d358a819373bbd174"},
]

[[package]]
name = "pluggy"
version = "1.3.0"
description = "plugin and hook calling mechanisms for python"
optional = false
python-versions = ">=3.8"
files = [
    {file = "pluggy-1.3.0-py3-none-any.whl", hash = "sha256:d89c696a773f8bd377d18e5ecda92b7a3793cbe66c87060a6fb58c7b6e1061f7"},
    {file = "pluggy-1.3.0.tar.gz", hash = "sha256:cf61ae8f126ac6f7c451172cf30e3e43d3ca77615509771b3a984a0730651e12"},
]

[package.extras]
dev = ["pre-commit", "tox"]
testing = ["pytest", "pytest-benchmark"]

[[package]]
name = "pytest"
version = "7.4.4"
description = "pytest: simple powerful testing with Python"
optional = false
python-versions = ">=3.7"
files = [
    {file = "pytest-7.4.4-py3-none-any.whl", hash = "sha256:b090cdf5ed60bf4c45261be03239c2c1c22df034fbffe691abe93cd80cea01d8"},
    {file = "pytest-7.4.4.tar.gz", hash = "sha256:2cf0005922c6ace4a3e2ec8b4080eb0d9753fdc93107415332f50ce9e7994280"},
]

[package.dependencies]
colorama = {version = "*", markers = "sys_platform == \"win32\""}
exceptiongroup = {version = ">=1.0.0rc8", markers = "python_version < \"3.11\""}
iniconfig = "*"
packaging = "*"
pluggy = ">=0.12,<2.0"
tomli = {version = ">=1.0.0", markers = "python_version < \"3.11\""}

[package.extras]
testing = ["argcomplete", "attrs (>=19.2.0)", "hypothesis (>=3.56)", "mock", "nose", "pygments (>=2.7.2)", "requests", "setuptools", "xmlschema"]

[[package]]
name = "pytest-cov"
version = "4.1.0"
description = "Pytest plugin for measuring coverage."
optional = false
python-versions = ">=3.7"
files = [
    {file = "pytest-cov-4.1.0.tar.gz", hash = "sha256:3904b13dfbfec47f003b8e77fd5b589cd11904a21ddf1ab38a64f204d6a10ef6"},
    {file = "pytest_cov-4.1.0-py3-none-any.whl", hash = "sha256:6ba70b9e97e69fcc3fb45bfeab2d0a138fb65c4d0d6a41ef33983ad114be8c3a"},
]

[package.dependencies]
coverage = {version = ">=5.2.1", extras = ["toml"]}
pytest = ">=4.6"

[package.extras]
testing = ["fields", "hunter", "process-tests", "pytest-xdist", "six", "virtualenv"]

[[package]]
name = "referencing"
version = "0.32.1"
description = "JSON Referencing + Python"
optional = false
python-versions = ">=3.8"
files = [
    {file = "referencing-0.32.1-py3-none-any.whl", hash = "sha256:7e4dc12271d8e15612bfe35792f5ea1c40970dadf8624602e33db2758f7ee554"},
    {file = "referencing-0.32.1.tar.gz", hash = "sha256:3c57da0513e9563eb7e203ebe9bb3a1b509b042016433bd1e45a2853466c3dd3"},
]

[package.dependencies]
attrs = ">=22.2.0"
rpds-py = ">=0.7.0"

[[package]]
name = "rpds-py"
version = "0.16.2"
description = "Python bindings to Rust's persistent data structures (rpds)"
optional = false
python-versions = ">=3.8"
files = [
    {file = "rpds_py-0.16.2-cp310-cp310-macosx_10_12_x86_64.whl", hash = "sha256:509b617ac787cd1149600e731db9274ebbef094503ca25158e6f23edaba1ca8f"},
    {file = "rpds_py-0.16.2-cp310-cp310-macosx_11_0_arm64.whl", hash = "sha256:413b9c17388bbd0d87a329d8e30c1a4c6e44e2bb25457f43725a8e6fe4161e9e"},
    {file = "rpds_py-0.16.2-cp310-cp310-manylinux_2_17_aarch64.manylinux2014_aarch64.whl", hash = "sha256:2946b120718eba9af2b4dd103affc1164a87b9e9ebff8c3e4c05d7b7a7e274e2"},
    {file = "rpds_py-0.16.2-cp310-cp310-manylinux_2_17_armv7l.manylinux2014_armv7l.whl", hash = "sha256:35ae5ece284cf36464eb160880018cf6088a9ac5ddc72292a6092b6ef3f4da53"},
    {file = "rpds_py-0.16.2-cp310-cp310-manylinux_2_17_ppc64le.manylinux2014_ppc64le.whl", hash = "sha256:3dc6a7620ba7639a3db6213da61312cb4aa9ac0ca6e00dc1cbbdc21c2aa6eb57"},
    {file = "rpds_py-0.16.2-cp310-cp310-manylinux_2_17_s390x.manylinux2014_s390x.whl", hash = "sha256:8cb6fe8ecdfffa0e711a75c931fb39f4ba382b4b3ccedeca43f18693864fe850"},
    {file = "rpds_py-0.16.2-cp310-cp310-manylinux_2_17_x86_64.manylinux2014_x86_64.whl", hash = "sha256:6dace7b26a13353e24613417ce2239491b40a6ad44e5776a18eaff7733488b44"},
    {file = "rpds_py-0.16.2-cp310-cp310-manylinux_2_5_i686.manylinux1_i686.whl", hash = "sha256:1bdbc5fcb04a7309074de6b67fa9bc4b418ab3fc435fec1f2779a0eced688d04"},
    {file = "rpds_py-0.16.2-cp310-cp310-musllinux_1_2_aarch64.whl", hash = "sha256:f42e25c016927e2a6b1ce748112c3ab134261fc2ddc867e92d02006103e1b1b7"},
    {file = "rpds_py-0.16.2-cp310-cp310-musllinux_1_2_i686.whl", hash = "sha256:eab36eae3f3e8e24b05748ec9acc66286662f5d25c52ad70cadab544e034536b"},
    {file = "rpds_py-0.16.2-cp310-cp310-musllinux_1_2_x86_64.whl", hash = "sha256:0474df4ade9a3b4af96c3d36eb81856cb9462e4c6657d4caecfd840d2a13f3c9"},
    {file = "rpds_py-0.16.2-cp310-none-win32.whl", hash = "sha256:84c5a4d1f9dd7e2d2c44097fb09fffe728629bad31eb56caf97719e55575aa82"},
    {file = "rpds_py-0.16.2-cp310-none-win_amd64.whl", hash = "sha256:2bd82db36cd70b3628c0c57d81d2438e8dd4b7b32a6a9f25f24ab0e657cb6c4e"},
    {file = "rpds_py-0.16.2-cp311-cp311-macosx_10_12_x86_64.whl", hash = "sha256:adc0c3d6fc6ae35fee3e4917628983f6ce630d513cbaad575b4517d47e81b4bb"},
    {file = "rpds_py-0.16.2-cp311-cp311-macosx_11_0_arm64.whl", hash = "sha256:ec23fcad480e77ede06cf4127a25fc440f7489922e17fc058f426b5256ee0edb"},
    {file = "rpds_py-0.16.2-cp311-cp311-manylinux_2_17_aarch64.manylinux2014_aarch64.whl", hash = "sha256:07aab64e2808c3ebac2a44f67e9dc0543812b715126dfd6fe4264df527556cb6"},
    {file = "rpds_py-0.16.2-cp311-cp311-manylinux_2_17_armv7l.manylinux2014_armv7l.whl", hash = "sha256:a4ebb8b20bd09c5ce7884c8f0388801100f5e75e7f733b1b6613c713371feefc"},
    {file = "rpds_py-0.16.2-cp311-cp311-manylinux_2_17_ppc64le.manylinux2014_ppc64le.whl", hash = "sha256:a3d7e2ea25d3517c6d7e5a1cc3702cffa6bd18d9ef8d08d9af6717fc1c700eed"},
    {file = "rpds_py-0.16.2-cp311-cp311-manylinux_2_17_s390x.manylinux2014_s390x.whl", hash = "sha256:f28ac0e8e7242d140f99402a903a2c596ab71550272ae9247ad78f9a932b5698"},
    {file = "rpds_py-0.16.2-cp311-cp311-manylinux_2_17_x86_64.manylinux2014_x86_64.whl", hash = "sha256:19f00f57fdd38db4bb5ad09f9ead1b535332dbf624200e9029a45f1f35527ebb"},
    {file = "rpds_py-0.16.2-cp311-cp311-manylinux_2_5_i686.manylinux1_i686.whl", hash = "sha256:3da5a4c56953bdbf6d04447c3410309616c54433146ccdb4a277b9cb499bc10e"},
    {file = "rpds_py-0.16.2-cp311-cp311-musllinux_1_2_aarch64.whl", hash = "sha256:ec2e1cf025b2c0f48ec17ff3e642661da7ee332d326f2e6619366ce8e221f018"},
    {file = "rpds_py-0.16.2-cp311-cp311-musllinux_1_2_i686.whl", hash = "sha256:e0441fb4fdd39a230477b2ca9be90868af64425bfe7b122b57e61e45737a653b"},
    {file = "rpds_py-0.16.2-cp311-cp311-musllinux_1_2_x86_64.whl", hash = "sha256:9f0350ef2fba5f34eb0c9000ea328e51b9572b403d2f7f3b19f24085f6f598e8"},
    {file = "rpds_py-0.16.2-cp311-none-win32.whl", hash = "sha256:5a80e2f83391ad0808b4646732af2a7b67550b98f0cae056cb3b40622a83dbb3"},
    {file = "rpds_py-0.16.2-cp311-none-win_amd64.whl", hash = "sha256:e04e56b4ca7a770593633556e8e9e46579d66ec2ada846b401252a2bdcf70a6d"},
    {file = "rpds_py-0.16.2-cp312-cp312-macosx_10_12_x86_64.whl", hash = "sha256:5e6caa3809e50690bd92fa490f5c38caa86082c8c3315aa438bce43786d5e90d"},
    {file = "rpds_py-0.16.2-cp312-cp312-macosx_11_0_arm64.whl", hash = "sha256:2e53b9b25cac9065328901713a7e9e3b12e4f57ef4280b370fbbf6fef2052eef"},
    {file = "rpds_py-0.16.2-cp312-cp312-manylinux_2_17_aarch64.manylinux2014_aarch64.whl", hash = "sha256:af27423662f32d7501a00c5e7342f7dbd1e4a718aea7a239781357d15d437133"},
    {file = "rpds_py-0.16.2-cp312-cp312-manylinux_2_17_armv7l.manylinux2014_armv7l.whl", hash = "sha256:43d4dd5fb16eb3825742bad8339d454054261ab59fed2fbac84e1d84d5aae7ba"},
    {file = "rpds_py-0.16.2-cp312-cp312-manylinux_2_17_ppc64le.manylinux2014_ppc64le.whl", hash = "sha256:e061de3b745fe611e23cd7318aec2c8b0e4153939c25c9202a5811ca911fd733"},
    {file = "rpds_py-0.16.2-cp312-cp312-manylinux_2_17_s390x.manylinux2014_s390x.whl", hash = "sha256:3b811d182ad17ea294f2ec63c0621e7be92a1141e1012383461872cead87468f"},
    {file = "rpds_py-0.16.2-cp312-cp312-manylinux_2_17_x86_64.manylinux2014_x86_64.whl", hash = "sha256:5552f328eaef1a75ff129d4d0c437bf44e43f9436d3996e8eab623ea0f5fcf73"},
    {file = "rpds_py-0.16.2-cp312-cp312-manylinux_2_5_i686.manylinux1_i686.whl", hash = "sha256:dcbe1f8dd179e4d69b70b1f1d9bb6fd1e7e1bdc9c9aad345cdeb332e29d40748"},
    {file = "rpds_py-0.16.2-cp312-cp312-musllinux_1_2_aarch64.whl", hash = "sha256:8aad80645a011abae487d356e0ceb359f4938dfb6f7bcc410027ed7ae4f7bb8b"},
    {file = "rpds_py-0.16.2-cp312-cp312-musllinux_1_2_i686.whl", hash = "sha256:b6f5549d6ed1da9bfe3631ca9483ae906f21410be2445b73443fa9f017601c6f"},
    {file = "rpds_py-0.16.2-cp312-cp312-musllinux_1_2_x86_64.whl", hash = "sha256:d452817e0d9c749c431a1121d56a777bd7099b720b3d1c820f1725cb40928f58"},
    {file = "rpds_py-0.16.2-cp312-none-win32.whl", hash = "sha256:888a97002e986eca10d8546e3c8b97da1d47ad8b69726dcfeb3e56348ebb28a3"},
    {file = "rpds_py-0.16.2-cp312-none-win_amd64.whl", hash = "sha256:d8dda2a806dfa4a9b795950c4f5cc56d6d6159f7d68080aedaff3bdc9b5032f5"},
    {file = "rpds_py-0.16.2-cp38-cp38-macosx_10_12_x86_64.whl", hash = "sha256:071980663c273bf3d388fe5c794c547e6f35ba3335477072c713a3176bf14a60"},
    {file = "rpds_py-0.16.2-cp38-cp38-macosx_11_0_arm64.whl", hash = "sha256:726ac36e8a3bb8daef2fd482534cabc5e17334052447008405daca7ca04a3108"},
    {file = "rpds_py-0.16.2-cp38-cp38-manylinux_2_17_aarch64.manylinux2014_aarch64.whl", hash = "sha256:e9e557db6a177470316c82f023e5d571811c9a4422b5ea084c85da9aa3c035fc"},
    {file = "rpds_py-0.16.2-cp38-cp38-manylinux_2_17_armv7l.manylinux2014_armv7l.whl", hash = "sha256:90123853fc8b1747f80b0d354be3d122b4365a93e50fc3aacc9fb4c2488845d6"},
    {file = "rpds_py-0.16.2-cp38-cp38-manylinux_2_17_ppc64le.manylinux2014_ppc64le.whl", hash = "sha256:a61f659665a39a4d17d699ab3593d7116d66e1e2e3f03ef3fb8f484e91908808"},
    {file = "rpds_py-0.16.2-cp38-cp38-manylinux_2_17_s390x.manylinux2014_s390x.whl", hash = "sha256:cc97f0640e91d7776530f06e6836c546c1c752a52de158720c4224c9e8053cad"},
    {file = "rpds_py-0.16.2-cp38-cp38-manylinux_2_17_x86_64.manylinux2014_x86_64.whl", hash = "sha256:44a54e99a2b9693a37ebf245937fd6e9228b4cbd64b9cc961e1f3391ec6c7391"},
    {file = "rpds_py-0.16.2-cp38-cp38-manylinux_2_5_i686.manylinux1_i686.whl", hash = "sha256:bd4b677d929cf1f6bac07ad76e0f2d5de367e6373351c01a9c0a39f6b21b4a8b"},
    {file = "rpds_py-0.16.2-cp38-cp38-musllinux_1_2_aarch64.whl", hash = "sha256:5ef00873303d678aaf8b0627e111fd434925ca01c657dbb2641410f1cdaef261"},
    {file = "rpds_py-0.16.2-cp38-cp38-musllinux_1_2_i686.whl", hash = "sha256:349cb40897fd529ca15317c22c0eab67f5ac5178b5bd2c6adc86172045210acc"},
    {file = "rpds_py-0.16.2-cp38-cp38-musllinux_1_2_x86_64.whl", hash = "sha256:2ddef620e70eaffebed5932ce754d539c0930f676aae6212f8e16cd9743dd365"},
    {file = "rpds_py-0.16.2-cp38-none-win32.whl", hash = "sha256:882ce6e25e585949c3d9f9abd29202367175e0aab3aba0c58c9abbb37d4982ff"},
    {file = "rpds_py-0.16.2-cp38-none-win_amd64.whl", hash = "sha256:f4bd4578e44f26997e9e56c96dedc5f1af43cc9d16c4daa29c771a00b2a26851"},
    {file = "rpds_py-0.16.2-cp39-cp39-macosx_10_12_x86_64.whl", hash = "sha256:69ac7ea9897ec201ce68b48582f3eb34a3f9924488a5432a93f177bf76a82a7e"},
    {file = "rpds_py-0.16.2-cp39-cp39-macosx_11_0_arm64.whl", hash = "sha256:a9880b4656efe36ccad41edc66789e191e5ee19a1ea8811e0aed6f69851a82f4"},
    {file = "rpds_py-0.16.2-cp39-cp39-manylinux_2_17_aarch64.manylinux2014_aarch64.whl", hash = "sha256:ee94cb58c0ba2c62ee108c2b7c9131b2c66a29e82746e8fa3aa1a1effbd3dcf1"},
    {file = "rpds_py-0.16.2-cp39-cp39-manylinux_2_17_armv7l.manylinux2014_armv7l.whl", hash = "sha256:24f7a2eb3866a9e91f4599851e0c8d39878a470044875c49bd528d2b9b88361c"},
    {file = "rpds_py-0.16.2-cp39-cp39-manylinux_2_17_ppc64le.manylinux2014_ppc64le.whl", hash = "sha256:ca57468da2d9a660bcf8961637c85f2fbb2aa64d9bc3f9484e30c3f9f67b1dd7"},
    {file = "rpds_py-0.16.2-cp39-cp39-manylinux_2_17_s390x.manylinux2014_s390x.whl", hash = "sha256:ccd4e400309e1f34a5095bf9249d371f0fd60f8a3a5c4a791cad7b99ce1fd38d"},
    {file = "rpds_py-0.16.2-cp39-cp39-manylinux_2_17_x86_64.manylinux2014_x86_64.whl", hash = "sha256:80443fe2f7b3ea3934c5d75fb0e04a5dbb4a8e943e5ff2de0dec059202b70a8b"},
    {file = "rpds_py-0.16.2-cp39-cp39-manylinux_2_5_i686.manylinux1_i686.whl", hash = "sha256:4d6a9f052e72d493efd92a77f861e45bab2f6be63e37fa8ecf0c6fd1a58fedb0"},
    {file = "rpds_py-0.16.2-cp39-cp39-musllinux_1_2_aarch64.whl", hash = "sha256:35953f4f2b3216421af86fd236b7c0c65935936a94ea83ddbd4904ba60757773"},
    {file = "rpds_py-0.16.2-cp39-cp39-musllinux_1_2_i686.whl", hash = "sha256:981d135c7cdaf6cd8eadae1c950de43b976de8f09d8e800feed307140d3d6d00"},
    {file = "rpds_py-0.16.2-cp39-cp39-musllinux_1_2_x86_64.whl", hash = "sha256:d0dd7ed2f16df2e129496e7fbe59a34bc2d7fc8db443a606644d069eb69cbd45"},
    {file = "rpds_py-0.16.2-cp39-none-win32.whl", hash = "sha256:703d95c75a72e902544fda08e965885525e297578317989fd15a6ce58414b41d"},
    {file = "rpds_py-0.16.2-cp39-none-win_amd64.whl", hash = "sha256:e93ec1b300acf89730cf27975ef574396bc04edecc358e9bd116fb387a123239"},
    {file = "rpds_py-0.16.2-pp310-pypy310_pp73-macosx_10_12_x86_64.whl", hash = "sha256:44627b6ca7308680a70766454db5249105fa6344853af6762eaad4158a2feebe"},
    {file = "rpds_py-0.16.2-pp310-pypy310_pp73-macosx_11_0_arm64.whl", hash = "sha256:3f91df8e6dbb7360e176d1affd5fb0246d2b88d16aa5ebc7db94fd66b68b61da"},
    {file = "rpds_py-0.16.2-pp310-pypy310_pp73-manylinux_2_17_aarch64.manylinux2014_aarch64.whl", hash = "sha256:6d904c5693e08bad240f16d79305edba78276be87061c872a4a15e2c301fa2c0"},
    {file = "rpds_py-0.16.2-pp310-pypy310_pp73-manylinux_2_17_armv7l.manylinux2014_armv7l.whl", hash = "sha256:290a81cfbe4673285cdf140ec5cd1658ffbf63ab359f2b352ebe172e7cfa5bf0"},
    {file = "rpds_py-0.16.2-pp310-pypy310_pp73-manylinux_2_17_ppc64le.manylinux2014_ppc64le.whl", hash = "sha256:b634c5ec0103c5cbebc24ebac4872b045cccb9456fc59efdcf6fe39775365bd2"},
    {file = "rpds_py-0.16.2-pp310-pypy310_pp73-manylinux_2_17_s390x.manylinux2014_s390x.whl", hash = "sha256:a297a4d08cc67c7466c873c78039d87840fb50d05473db0ec1b7b03d179bf322"},
    {file = "rpds_py-0.16.2-pp310-pypy310_pp73-manylinux_2_17_x86_64.manylinux2014_x86_64.whl", hash = "sha256:b2e75e17bd0bb66ee34a707da677e47c14ee51ccef78ed6a263a4cc965a072a1"},
    {file = "rpds_py-0.16.2-pp310-pypy310_pp73-manylinux_2_5_i686.manylinux1_i686.whl", hash = "sha256:f1b9d9260e06ea017feb7172976ab261e011c1dc2f8883c7c274f6b2aabfe01a"},
    {file = "rpds_py-0.16.2-pp310-pypy310_pp73-musllinux_1_2_aarch64.whl", hash = "sha256:162d7cd9cd311c1b0ff1c55a024b8f38bd8aad1876b648821da08adc40e95734"},
    {file = "rpds_py-0.16.2-pp310-pypy310_pp73-musllinux_1_2_i686.whl", hash = "sha256:9b32f742ce5b57201305f19c2ef7a184b52f6f9ba6871cc042c2a61f0d6b49b8"},
    {file = "rpds_py-0.16.2-pp310-pypy310_pp73-musllinux_1_2_x86_64.whl", hash = "sha256:ac08472f41ea77cd6a5dae36ae7d4ed3951d6602833af87532b556c1b4601d63"},
    {file = "rpds_py-0.16.2-pp38-pypy38_pp73-macosx_10_12_x86_64.whl", hash = "sha256:495a14b72bbe217f2695dcd9b5ab14d4f8066a00f5d209ed94f0aca307f85f6e"},
    {file = "rpds_py-0.16.2-pp38-pypy38_pp73-macosx_11_0_arm64.whl", hash = "sha256:8d6b6937ae9eac6d6c0ca3c42774d89fa311f55adff3970fb364b34abde6ed3d"},
    {file = "rpds_py-0.16.2-pp38-pypy38_pp73-manylinux_2_17_aarch64.manylinux2014_aarch64.whl", hash = "sha256:6a61226465bda9283686db8f17d02569a98e4b13c637be5a26d44aa1f1e361c2"},
    {file = "rpds_py-0.16.2-pp38-pypy38_pp73-manylinux_2_17_armv7l.manylinux2014_armv7l.whl", hash = "sha256:5cf6af100ffb5c195beec11ffaa8cf8523057f123afa2944e6571d54da84cdc9"},
    {file = "rpds_py-0.16.2-pp38-pypy38_pp73-manylinux_2_17_ppc64le.manylinux2014_ppc64le.whl", hash = "sha256:6df15846ee3fb2e6397fe25d7ca6624af9f89587f3f259d177b556fed6bebe2c"},
    {file = "rpds_py-0.16.2-pp38-pypy38_pp73-manylinux_2_17_s390x.manylinux2014_s390x.whl", hash = "sha256:1be2f033df1b8be8c3167ba3c29d5dca425592ee31e35eac52050623afba5772"},
    {file = "rpds_py-0.16.2-pp38-pypy38_pp73-manylinux_2_17_x86_64.manylinux2014_x86_64.whl", hash = "sha256:96f957d6ab25a78b9e7fc9749d754b98eac825a112b4e666525ce89afcbd9ed5"},
    {file = "rpds_py-0.16.2-pp38-pypy38_pp73-manylinux_2_5_i686.manylinux1_i686.whl", hash = "sha256:088396c7c70e59872f67462fcac3ecbded5233385797021976a09ebd55961dfe"},
    {file = "rpds_py-0.16.2-pp38-pypy38_pp73-musllinux_1_2_aarch64.whl", hash = "sha256:4c46ad6356e1561f2a54f08367d1d2e70a0a1bb2db2282d2c1972c1d38eafc3b"},
    {file = "rpds_py-0.16.2-pp38-pypy38_pp73-musllinux_1_2_i686.whl", hash = "sha256:47713dc4fce213f5c74ca8a1f6a59b622fc1b90868deb8e8e4d993e421b4b39d"},
    {file = "rpds_py-0.16.2-pp38-pypy38_pp73-musllinux_1_2_x86_64.whl", hash = "sha256:f811771019f063bbd0aa7bb72c8a934bc13ebacb4672d712fc1639cfd314cccc"},
    {file = "rpds_py-0.16.2-pp39-pypy39_pp73-macosx_10_12_x86_64.whl", hash = "sha256:f19afcfc0dd0dca35694df441e9b0f95bc231b512f51bded3c3d8ca32153ec19"},
    {file = "rpds_py-0.16.2-pp39-pypy39_pp73-macosx_11_0_arm64.whl", hash = "sha256:a4b682c5775d6a3d21e314c10124599976809455ee67020e8e72df1769b87bc3"},
    {file = "rpds_py-0.16.2-pp39-pypy39_pp73-manylinux_2_17_aarch64.manylinux2014_aarch64.whl", hash = "sha256:c647ca87fc0ebe808a41de912e9a1bfef9acb85257e5d63691364ac16b81c1f0"},
    {file = "rpds_py-0.16.2-pp39-pypy39_pp73-manylinux_2_17_armv7l.manylinux2014_armv7l.whl", hash = "sha256:302bd4983bbd47063e452c38be66153760112f6d3635c7eeefc094299fa400a9"},
    {file = "rpds_py-0.16.2-pp39-pypy39_pp73-manylinux_2_17_ppc64le.manylinux2014_ppc64le.whl", hash = "sha256:bf721ede3eb7b829e4a9b8142bd55db0bdc82902720548a703f7e601ee13bdc3"},
    {file = "rpds_py-0.16.2-pp39-pypy39_pp73-manylinux_2_17_s390x.manylinux2014_s390x.whl", hash = "sha256:358dafc89ce3894c7f486c615ba914609f38277ef67f566abc4c854d23b997fa"},
    {file = "rpds_py-0.16.2-pp39-pypy39_pp73-manylinux_2_17_x86_64.manylinux2014_x86_64.whl", hash = "sha256:cad0f59ee3dc35526039f4bc23642d52d5f6616b5f687d846bfc6d0d6d486db0"},
    {file = "rpds_py-0.16.2-pp39-pypy39_pp73-manylinux_2_5_i686.manylinux1_i686.whl", hash = "sha256:cffa76b385dfe1e38527662a302b19ffb0e7f5cf7dd5e89186d2c94a22dd9d0c"},
    {file = "rpds_py-0.16.2-pp39-pypy39_pp73-musllinux_1_2_aarch64.whl", hash = "sha256:83640a5d7cd3bff694747d50436b8b541b5b9b9782b0c8c1688931d6ee1a1f2d"},
    {file = "rpds_py-0.16.2-pp39-pypy39_pp73-musllinux_1_2_i686.whl", hash = "sha256:ed99b4f7179d2111702020fd7d156e88acd533f5a7d3971353e568b6051d5c97"},
    {file = "rpds_py-0.16.2-pp39-pypy39_pp73-musllinux_1_2_x86_64.whl", hash = "sha256:4022b9dc620e14f30201a8a73898a873c8e910cb642bcd2f3411123bc527f6ac"},
    {file = "rpds_py-0.16.2.tar.gz", hash = "sha256:781ef8bfc091b19960fc0142a23aedadafa826bc32b433fdfe6fd7f964d7ef44"},
]

[[package]]
name = "tomli"
version = "2.0.1"
description = "A lil' TOML parser"
optional = false
python-versions = ">=3.7"
files = [
    {file = "tomli-2.0.1-py3-none-any.whl", hash = "sha256:939de3e7a6161af0c887ef91b7d41a53e7c5a1ca976325f429cb46ea9bc30ecc"},
    {file = "tomli-2.0.1.tar.gz", hash = "sha256:de526c12914f0c550d15924c62d72abc48d6fe7364aa87328337a31007fe8a4f"},
]

[[package]]
name = "typing-extensions"
version = "4.9.0"
description = "Backported and Experimental Type Hints for Python 3.8+"
optional = false
python-versions = ">=3.8"
files = [
    {file = "typing_extensions-4.9.0-py3-none-any.whl", hash = "sha256:af72aea155e91adfc61c3ae9e0e342dbc0cba726d6cba4b6c72c1f34e47291cd"},
    {file = "typing_extensions-4.9.0.tar.gz", hash = "sha256:23478f88c37f27d76ac8aee6c905017a143b0b1b886c3c9f66bc2fd94f9f5783"},
]

[[package]]
name = "zipp"
version = "3.17.0"
description = "Backport of pathlib-compatible object wrapper for zip files"
optional = false
python-versions = ">=3.8"
files = [
    {file = "zipp-3.17.0-py3-none-any.whl", hash = "sha256:0e923e726174922dce09c53c59ad483ff7bbb8e572e00c7f7c46b88556409f31"},
    {file = "zipp-3.17.0.tar.gz", hash = "sha256:84e64a1c28cf7e91ed2078bb8cc8c259cb19b76942096c8d7b84947690cabaf0"},
]

[package.extras]
docs = ["furo", "jaraco.packaging (>=9.3)", "jaraco.tidelift (>=1.4)", "rst.linker (>=1.9)", "sphinx (<7.2.5)", "sphinx (>=3.5)", "sphinx-lint"]
testing = ["big-O", "jaraco.functools", "jaraco.itertools", "more-itertools", "pytest (>=6)", "pytest-black (>=0.3.7)", "pytest-checkdocs (>=2.4)", "pytest-cov", "pytest-enabler (>=2.2)", "pytest-ignore-flaky", "pytest-mypy (>=0.9.1)", "pytest-ruff"]

[metadata]
lock-version = "2.0"
python-versions = "^3.8.1"
content-hash = "3dfe5169a466f674dd460feec3ac50d5f1fc7c1ba951b7b7796deb548ee1a5c2"
